
Microsoft Visual Studio Solution File, Format Version 12.00
# Visual Studio Version 16
VisualStudioVersion = 16.0.31515.178
MinimumVisualStudioVersion = 10.0.40219.1
Project("{9A19103F-16F7-4668-BE54-9A1E7A4F7556}") = "ProjetoClassificados.Dominio", "ProjetoClassificados.Dominio\ProjetoClassificados.Dominio.csproj", "{27BEA190-55CF-49F2-B898-30523F313C79}"
EndProject
Project("{9A19103F-16F7-4668-BE54-9A1E7A4F7556}") = "ProjetoClassificados.Comum", "ProjetoClassificados.Comum\ProjetoClassificados.Comum.csproj", "{0EB5DC5D-4C17-4D60-B1E7-8E9A64510825}"
EndProject
Project("{9A19103F-16F7-4668-BE54-9A1E7A4F7556}") = "ProjetoClassificados.Testes", "ProjetoClassificados.Testes\ProjetoClassificados.Testes.csproj", "{04CBB9C7-CA40-41A7-B72D-AC354A19C055}"
EndProject
Project("{FAE04EC0-301F-11D3-BF4B-00C04F79EFBC}") = "ProjetoClassificados.Infra.Data", "ProjetoClassificados.Infra.Data\ProjetoClassificados.Infra.Data.csproj", "{0F653105-7264-4F21-B800-64D23BC7C5C4}"
EndProject
Project("{FAE04EC0-301F-11D3-BF4B-00C04F79EFBC}") = "ProjetoClassificados.Api", "ProjetoClassificados.Api\ProjetoClassificados.Api.csproj", "{1BDF4482-964E-46F4-B377-8A8C279540B0}"
EndProject
Global
	GlobalSection(SolutionConfigurationPlatforms) = preSolution
		Debug|Any CPU = Debug|Any CPU
		Release|Any CPU = Release|Any CPU
	EndGlobalSection
	GlobalSection(ProjectConfigurationPlatforms) = postSolution
		{27BEA190-55CF-49F2-B898-30523F313C79}.Debug|Any CPU.ActiveCfg = Debug|Any CPU
		{27BEA190-55CF-49F2-B898-30523F313C79}.Debug|Any CPU.Build.0 = Debug|Any CPU
		{27BEA190-55CF-49F2-B898-30523F313C79}.Release|Any CPU.ActiveCfg = Release|Any CPU
		{27BEA190-55CF-49F2-B898-30523F313C79}.Release|Any CPU.Build.0 = Release|Any CPU
		{0EB5DC5D-4C17-4D60-B1E7-8E9A64510825}.Debug|Any CPU.ActiveCfg = Debug|Any CPU
		{0EB5DC5D-4C17-4D60-B1E7-8E9A64510825}.Debug|Any CPU.Build.0 = Debug|Any CPU
		{0EB5DC5D-4C17-4D60-B1E7-8E9A64510825}.Release|Any CPU.ActiveCfg = Release|Any CPU
		{0EB5DC5D-4C17-4D60-B1E7-8E9A64510825}.Release|Any CPU.Build.0 = Release|Any CPU
		{04CBB9C7-CA40-41A7-B72D-AC354A19C055}.Debug|Any CPU.ActiveCfg = Debug|Any CPU
		{04CBB9C7-CA40-41A7-B72D-AC354A19C055}.Debug|Any CPU.Build.0 = Debug|Any CPU
		{04CBB9C7-CA40-41A7-B72D-AC354A19C055}.Release|Any CPU.ActiveCfg = Release|Any CPU
		{04CBB9C7-CA40-41A7-B72D-AC354A19C055}.Release|Any CPU.Build.0 = Release|Any CPU
		{0F653105-7264-4F21-B800-64D23BC7C5C4}.Debug|Any CPU.ActiveCfg = Debug|Any CPU
		{0F653105-7264-4F21-B800-64D23BC7C5C4}.Debug|Any CPU.Build.0 = Debug|Any CPU
		{0F653105-7264-4F21-B800-64D23BC7C5C4}.Release|Any CPU.ActiveCfg = Release|Any CPU
		{0F653105-7264-4F21-B800-64D23BC7C5C4}.Release|Any CPU.Build.0 = Release|Any CPU
		{1BDF4482-964E-46F4-B377-8A8C279540B0}.Debug|Any CPU.ActiveCfg = Debug|Any CPU
		{1BDF4482-964E-46F4-B377-8A8C279540B0}.Debug|Any CPU.Build.0 = Debug|Any CPU
		{1BDF4482-964E-46F4-B377-8A8C279540B0}.Release|Any CPU.ActiveCfg = Release|Any CPU
		{1BDF4482-964E-46F4-B377-8A8C279540B0}.Release|Any CPU.Build.0 = Release|Any CPU
	EndGlobalSection
	GlobalSection(SolutionProperties) = preSolution
		HideSolutionNode = FALSE
	EndGlobalSection
	GlobalSection(ExtensibilityGlobals) = postSolution
		SolutionGuid = {5406D24A-223E-470B-91CD-B0CEC95F9655}
	EndGlobalSection
EndGlobal
